
Microsoft Visual Studio Solution File, Format Version 12.00
# Visual Studio Version 17
VisualStudioVersion = 17.3.32901.215
MinimumVisualStudioVersion = 10.0.40219.1
Project("{FAE04EC0-301F-11D3-BF4B-00C04F79EFBC}") = "Issues", "Issues\Issues.csproj", "{9A31BCBE-7520-45FA-99DA-224D3D0F4911}"
EndProject
Global
	GlobalSection(SolutionConfigurationPlatforms) = preSolution
		Debug|Any CPU = Debug|Any CPU
		Release|Any CPU = Release|Any CPU
	EndGlobalSection
	GlobalSection(ProjectConfigurationPlatforms) = postSolution
		{9A31BCBE-7520-45FA-99DA-224D3D0F4911}.Debug|Any CPU.ActiveCfg = Debug|Any CPU
		{9A31BCBE-7520-45FA-99DA-224D3D0F4911}.Debug|Any CPU.Build.0 = Debug|Any CPU
		{9A31BCBE-7520-45FA-99DA-224D3D0F4911}.Release|Any CPU.ActiveCfg = Release|Any CPU
		{9A31BCBE-7520-45FA-99DA-224D3D0F4911}.Release|Any CPU.Build.0 = Release|Any CPU
	EndGlobalSection
	GlobalSection(SolutionProperties) = preSolution
		HideSolutionNode = FALSE
	EndGlobalSection
	GlobalSection(ExtensibilityGlobals) = postSolution
		SolutionGuid = {0C919D69-1725-4EF3-AC27-23364411E3D3}
	EndGlobalSection
EndGlobal
