
Microsoft Visual Studio Solution File, Format Version 12.00
# Visual Studio Version 17
VisualStudioVersion = 17.3.32901.215
MinimumVisualStudioVersion = 10.0.40219.1
Project("{FAE04EC0-301F-11D3-BF4B-00C04F79EFBC}") = "sortowanie2", "sortowanie2\sortowanie2.csproj", "{4AE9FF7F-ACF3-4F80-A1B3-47C78BDAE1CC}"
EndProject
Global
	GlobalSection(SolutionConfigurationPlatforms) = preSolution
		Debug|Any CPU = Debug|Any CPU
		Release|Any CPU = Release|Any CPU
	EndGlobalSection
	GlobalSection(ProjectConfigurationPlatforms) = postSolution
		{4AE9FF7F-ACF3-4F80-A1B3-47C78BDAE1CC}.Debug|Any CPU.ActiveCfg = Debug|Any CPU
		{4AE9FF7F-ACF3-4F80-A1B3-47C78BDAE1CC}.Debug|Any CPU.Build.0 = Debug|Any CPU
		{4AE9FF7F-ACF3-4F80-A1B3-47C78BDAE1CC}.Release|Any CPU.ActiveCfg = Release|Any CPU
		{4AE9FF7F-ACF3-4F80-A1B3-47C78BDAE1CC}.Release|Any CPU.Build.0 = Release|Any CPU
	EndGlobalSection
	GlobalSection(SolutionProperties) = preSolution
		HideSolutionNode = FALSE
	EndGlobalSection
	GlobalSection(ExtensibilityGlobals) = postSolution
		SolutionGuid = {D0C16F39-B863-4D99-A0C5-F67B05DD4E6A}
	EndGlobalSection
EndGlobal
